Microsoft Visual Studio Solution File, Format Version 12.00
# Visual Studio Version 16
VisualStudioVersion = 16.0.31019.35
MinimumVisualStudioVersion = 10.0.40219.1
Project("{FAE04EC0-301F-11D3-BF4B-00C04F79EFBC}") = "EnlightenMobile.Android", "EnlightenMobile.Android\EnlightenMobile.Android.csproj", "{E5D4CE7F-46B9-416A-BC18-04C733565D85}"
EndProject
Project("{FAE04EC0-301F-11D3-BF4B-00C04F79EFBC}") = "EnlightenMobile.iOS", "EnlightenMobile.iOS\EnlightenMobile.iOS.csproj", "{ADA97633-6CDD-428E-A9E8-B39157359368}"
EndProject
Project("{9A19103F-16F7-4668-BE54-9A1E7A4F7556}") = "EnlightenMobile", "EnlightenMobile\EnlightenMobile.csproj", "{61AD8B13-2EE8-43AB-8150-F28A7CDE8305}"
EndProject
Project("{FAE04EC0-301F-11D3-BF4B-00C04F79EFBC}") = "RamanMobile.Android", "RamanMobile.Android\RamanMobile.Android.csproj", "{CC3D975F-B812-4D0B-BC34-318C25606536}"
EndProject
Project("{FAE04EC0-301F-11D3-BF4B-00C04F79EFBC}") = "RamanMobile.iOS", "RamanMobile.iOS\RamanMobile.iOS.csproj", "{E39A4DF6-6BCF-4CF2-A1AB-60A040C67E3C}"
EndProject
Project("{FAE04EC0-301F-11D3-BF4B-00C04F79EFBC}") = "AbsorbanceMobile.Android", "Absorbance.Android\AbsorbanceMobile.Android.csproj", "{0F296329-3E24-4F77-87FE-7A92A2D88F27}"
EndProject
Project("{FAE04EC0-301F-11D3-BF4B-00C04F79EFBC}") = "AbsorbanceMobile.iOS", "Absorbance.iOS\AbsorbanceMobile.iOS.csproj", "{F1F0166A-5FBE-4DD4-BB28-B1770A9B11CD}"
EndProject
Project("{FAE04EC0-301F-11D3-BF4B-00C04F79EFBC}") = "FluorescenceMobile.Android", "Fluorescence.Android\FluorescenceMobile.Android.csproj", "{27A7BF56-48D2-4467-9560-84153DAF4B9F}"
EndProject
Project("{FAE04EC0-301F-11D3-BF4B-00C04F79EFBC}") = "FluorescenceMobile.iOS", "Fluorescence.iOS\FluorescenceMobile.iOS.csproj", "{DCD4C917-4F5C-4C00-92A0-8B3CBBBB1E12}"
EndProject
Project("{FAE04EC0-301F-11D3-BF4B-00C04F79EFBC}") = "IrradianceMobile.Android", "Irradiance.Android\IrradianceMobile.Android.csproj", "{ECE0C896-3414-4279-A8DE-348B4B05BA38}"
EndProject
Project("{FAE04EC0-301F-11D3-BF4B-00C04F79EFBC}") = "IrradianceMobile.iOS", "Irradiance.iOS\IrradianceMobile.iOS.csproj", "{DC1D3BAF-82B7-43F5-9827-7D072E8A67DE}"
EndProject
Project("{FAE04EC0-301F-11D3-BF4B-00C04F79EFBC}") = "ColorMobile.Android", "ColorMobile.Android\ColorMobile.Android.csproj", "{D46551F4-3746-420F-87C3-03FB47755847}"
EndProject
Project("{FAE04EC0-301F-11D3-BF4B-00C04F79EFBC}") = "ColorMobile.iOS", "ColorMobile.iOS\ColorMobile.iOS.csproj", "{701726A6-1269-4209-81A2-98D71101348B}"
EndProject
Global
	GlobalSection(SolutionConfigurationPlatforms) = preSolution
		Debug|Any CPU = Debug|Any CPU
		Debug|iPhone = Debug|iPhone
		Debug|iPhoneSimulator = Debug|iPhoneSimulator
		Release|Any CPU = Release|Any CPU
		Release|iPhone = Release|iPhone
		Release|iPhoneSimulator = Release|iPhoneSimulator
	EndGlobalSection
	GlobalSection(ProjectConfigurationPlatforms) = postSolution
		{E5D4CE7F-46B9-416A-BC18-04C733565D85}.Debug|Any CPU.ActiveCfg = Debug|Any CPU
		{E5D4CE7F-46B9-416A-BC18-04C733565D85}.Debug|Any CPU.Build.0 = Debug|Any CPU
		{E5D4CE7F-46B9-416A-BC18-04C733565D85}.Debug|Any CPU.Deploy.0 = Debug|Any CPU
		{E5D4CE7F-46B9-416A-BC18-04C733565D85}.Debug|iPhone.ActiveCfg = Debug|Any CPU
		{E5D4CE7F-46B9-416A-BC18-04C733565D85}.Debug|iPhone.Build.0 = Debug|Any CPU
		{E5D4CE7F-46B9-416A-BC18-04C733565D85}.Debug|iPhoneSimulator.ActiveCfg = Debug|Any CPU
		{E5D4CE7F-46B9-416A-BC18-04C733565D85}.Debug|iPhoneSimulator.Build.0 = Debug|Any CPU
		{E5D4CE7F-46B9-416A-BC18-04C733565D85}.Release|Any CPU.ActiveCfg = Release|Any CPU
		{E5D4CE7F-46B9-416A-BC18-04C733565D85}.Release|Any CPU.Build.0 = Release|Any CPU
		{E5D4CE7F-46B9-416A-BC18-04C733565D85}.Release|iPhone.ActiveCfg = Release|Any CPU
		{E5D4CE7F-46B9-416A-BC18-04C733565D85}.Release|iPhone.Build.0 = Release|Any CPU
		{E5D4CE7F-46B9-416A-BC18-04C733565D85}.Release|iPhoneSimulator.ActiveCfg = Release|Any CPU
		{E5D4CE7F-46B9-416A-BC18-04C733565D85}.Release|iPhoneSimulator.Build.0 = Release|Any CPU
		{ADA97633-6CDD-428E-A9E8-B39157359368}.Debug|Any CPU.ActiveCfg = Debug|iPhoneSimulator
		{ADA97633-6CDD-428E-A9E8-B39157359368}.Debug|Any CPU.Build.0 = Debug|iPhoneSimulator
		{ADA97633-6CDD-428E-A9E8-B39157359368}.Debug|iPhone.ActiveCfg = Debug|iPhone
		{ADA97633-6CDD-428E-A9E8-B39157359368}.Debug|iPhone.Build.0 = Debug|iPhone
		{ADA97633-6CDD-428E-A9E8-B39157359368}.Debug|iPhoneSimulator.ActiveCfg = Debug|iPhoneSimulator
		{ADA97633-6CDD-428E-A9E8-B39157359368}.Debug|iPhoneSimulator.Build.0 = Debug|iPhoneSimulator
		{ADA97633-6CDD-428E-A9E8-B39157359368}.Release|Any CPU.ActiveCfg = Release|iPhoneSimulator
		{ADA97633-6CDD-428E-A9E8-B39157359368}.Release|Any CPU.Build.0 = Release|iPhoneSimulator
		{ADA97633-6CDD-428E-A9E8-B39157359368}.Release|iPhone.ActiveCfg = Release|iPhone
		{ADA97633-6CDD-428E-A9E8-B39157359368}.Release|iPhone.Build.0 = Release|iPhone
		{ADA97633-6CDD-428E-A9E8-B39157359368}.Release|iPhoneSimulator.ActiveCfg = Release|iPhoneSimulator
		{ADA97633-6CDD-428E-A9E8-B39157359368}.Release|iPhoneSimulator.Build.0 = Release|iPhoneSimulator
		{61AD8B13-2EE8-43AB-8150-F28A7CDE8305}.Debug|Any CPU.ActiveCfg = Debug|Any CPU
		{61AD8B13-2EE8-43AB-8150-F28A7CDE8305}.Debug|Any CPU.Build.0 = Debug|Any CPU
		{61AD8B13-2EE8-43AB-8150-F28A7CDE8305}.Debug|iPhone.ActiveCfg = Debug|Any CPU
		{61AD8B13-2EE8-43AB-8150-F28A7CDE8305}.Debug|iPhone.Build.0 = Debug|Any CPU
		{61AD8B13-2EE8-43AB-8150-F28A7CDE8305}.Debug|iPhoneSimulator.ActiveCfg = Debug|Any CPU
		{61AD8B13-2EE8-43AB-8150-F28A7CDE8305}.Debug|iPhoneSimulator.Build.0 = Debug|Any CPU
		{61AD8B13-2EE8-43AB-8150-F28A7CDE8305}.Release|Any CPU.ActiveCfg = Release|Any CPU
		{61AD8B13-2EE8-43AB-8150-F28A7CDE8305}.Release|Any CPU.Build.0 = Release|Any CPU
		{61AD8B13-2EE8-43AB-8150-F28A7CDE8305}.Release|iPhone.ActiveCfg = Release|Any CPU
		{61AD8B13-2EE8-43AB-8150-F28A7CDE8305}.Release|iPhone.Build.0 = Release|Any CPU
		{61AD8B13-2EE8-43AB-8150-F28A7CDE8305}.Release|iPhoneSimulator.ActiveCfg = Release|Any CPU
		{61AD8B13-2EE8-43AB-8150-F28A7CDE8305}.Release|iPhoneSimulator.Build.0 = Release|Any CPU
		{CC3D975F-B812-4D0B-BC34-318C25606536}.Debug|Any CPU.ActiveCfg = Debug|Any CPU
		{CC3D975F-B812-4D0B-BC34-318C25606536}.Debug|Any CPU.Build.0 = Debug|Any CPU
		{CC3D975F-B812-4D0B-BC34-318C25606536}.Debug|Any CPU.Deploy.0 = Debug|Any CPU
		{CC3D975F-B812-4D0B-BC34-318C25606536}.Debug|iPhone.ActiveCfg = Debug|Any CPU
		{CC3D975F-B812-4D0B-BC34-318C25606536}.Debug|iPhone.Build.0 = Debug|Any CPU
		{CC3D975F-B812-4D0B-BC34-318C25606536}.Debug|iPhone.Deploy.0 = Debug|Any CPU
		{CC3D975F-B812-4D0B-BC34-318C25606536}.Debug|iPhoneSimulator.ActiveCfg = Debug|Any CPU
		{CC3D975F-B812-4D0B-BC34-318C25606536}.Debug|iPhoneSimulator.Build.0 = Debug|Any CPU
		{CC3D975F-B812-4D0B-BC34-318C25606536}.Debug|iPhoneSimulator.Deploy.0 = Debug|Any CPU
		{CC3D975F-B812-4D0B-BC34-318C25606536}.Release|Any CPU.ActiveCfg = Release|Any CPU
		{CC3D975F-B812-4D0B-BC34-318C25606536}.Release|Any CPU.Build.0 = Release|Any CPU
		{CC3D975F-B812-4D0B-BC34-318C25606536}.Release|Any CPU.Deploy.0 = Release|Any CPU
		{CC3D975F-B812-4D0B-BC34-318C25606536}.Release|iPhone.ActiveCfg = Release|Any CPU
		{CC3D975F-B812-4D0B-BC34-318C25606536}.Release|iPhone.Build.0 = Release|Any CPU
		{CC3D975F-B812-4D0B-BC34-318C25606536}.Release|iPhone.Deploy.0 = Release|Any CPU
		{CC3D975F-B812-4D0B-BC34-318C25606536}.Release|iPhoneSimulator.ActiveCfg = Release|Any CPU
		{CC3D975F-B812-4D0B-BC34-318C25606536}.Release|iPhoneSimulator.Build.0 = Release|Any CPU
		{CC3D975F-B812-4D0B-BC34-318C25606536}.Release|iPhoneSimulator.Deploy.0 = Release|Any CPU
		{E39A4DF6-6BCF-4CF2-A1AB-60A040C67E3C}.Debug|Any CPU.ActiveCfg = Debug|iPhoneSimulator
		{E39A4DF6-6BCF-4CF2-A1AB-60A040C67E3C}.Debug|iPhone.ActiveCfg = Debug|iPhone
		{E39A4DF6-6BCF-4CF2-A1AB-60A040C67E3C}.Debug|iPhone.Build.0 = Debug|iPhone
		{E39A4DF6-6BCF-4CF2-A1AB-60A040C67E3C}.Debug|iPhoneSimulator.ActiveCfg = Debug|iPhoneSimulator
		{E39A4DF6-6BCF-4CF2-A1AB-60A040C67E3C}.Debug|iPhoneSimulator.Build.0 = Debug|iPhoneSimulator
		{E39A4DF6-6BCF-4CF2-A1AB-60A040C67E3C}.Release|Any CPU.ActiveCfg = Release|iPhoneSimulator
		{E39A4DF6-6BCF-4CF2-A1AB-60A040C67E3C}.Release|iPhone.ActiveCfg = Release|iPhone
		{E39A4DF6-6BCF-4CF2-A1AB-60A040C67E3C}.Release|iPhone.Build.0 = Release|iPhone
		{E39A4DF6-6BCF-4CF2-A1AB-60A040C67E3C}.Release|iPhoneSimulator.ActiveCfg = Release|iPhoneSimulator
		{E39A4DF6-6BCF-4CF2-A1AB-60A040C67E3C}.Release|iPhoneSimulator.Build.0 = Release|iPhoneSimulator
		{0F296329-3E24-4F77-87FE-7A92A2D88F27}.Debug|Any CPU.ActiveCfg = Debug|Any CPU
		{0F296329-3E24-4F77-87FE-7A92A2D88F27}.Debug|Any CPU.Build.0 = Debug|Any CPU
		{0F296329-3E24-4F77-87FE-7A92A2D88F27}.Debug|Any CPU.Deploy.0 = Debug|Any CPU
		{0F296329-3E24-4F77-87FE-7A92A2D88F27}.Debug|iPhone.ActiveCfg = Debug|Any CPU
		{0F296329-3E24-4F77-87FE-7A92A2D88F27}.Debug|iPhone.Build.0 = Debug|Any CPU
		{0F296329-3E24-4F77-87FE-7A92A2D88F27}.Debug|iPhone.Deploy.0 = Debug|Any CPU
		{0F296329-3E24-4F77-87FE-7A92A2D88F27}.Debug|iPhoneSimulator.ActiveCfg = Debug|Any CPU
		{0F296329-3E24-4F77-87FE-7A92A2D88F27}.Debug|iPhoneSimulator.Build.0 = Debug|Any CPU
		{0F296329-3E24-4F77-87FE-7A92A2D88F27}.Debug|iPhoneSimulator.Deploy.0 = Debug|Any CPU
		{0F296329-3E24-4F77-87FE-7A92A2D88F27}.Release|Any CPU.ActiveCfg = Release|Any CPU
		{0F296329-3E24-4F77-87FE-7A92A2D88F27}.Release|Any CPU.Build.0 = Release|Any CPU
		{0F296329-3E24-4F77-87FE-7A92A2D88F27}.Release|Any CPU.Deploy.0 = Release|Any CPU
		{0F296329-3E24-4F77-87FE-7A92A2D88F27}.Release|iPhone.ActiveCfg = Release|Any CPU
		{0F296329-3E24-4F77-87FE-7A92A2D88F27}.Release|iPhone.Build.0 = Release|Any CPU
		{0F296329-3E24-4F77-87FE-7A92A2D88F27}.Release|iPhone.Deploy.0 = Release|Any CPU
		{0F296329-3E24-4F77-87FE-7A92A2D88F27}.Release|iPhoneSimulator.ActiveCfg = Release|Any CPU
		{0F296329-3E24-4F77-87FE-7A92A2D88F27}.Release|iPhoneSimulator.Build.0 = Release|Any CPU
		{0F296329-3E24-4F77-87FE-7A92A2D88F27}.Release|iPhoneSimulator.Deploy.0 = Release|Any CPU
		{F1F0166A-5FBE-4DD4-BB28-B1770A9B11CD}.Debug|Any CPU.ActiveCfg = Debug|iPhoneSimulator
		{F1F0166A-5FBE-4DD4-BB28-B1770A9B11CD}.Debug|iPhone.ActiveCfg = Debug|iPhone
		{F1F0166A-5FBE-4DD4-BB28-B1770A9B11CD}.Debug|iPhone.Build.0 = Debug|iPhone
		{F1F0166A-5FBE-4DD4-BB28-B1770A9B11CD}.Debug|iPhoneSimulator.ActiveCfg = Debug|iPhoneSimulator
		{F1F0166A-5FBE-4DD4-BB28-B1770A9B11CD}.Debug|iPhoneSimulator.Build.0 = Debug|iPhoneSimulator
		{F1F0166A-5FBE-4DD4-BB28-B1770A9B11CD}.Release|Any CPU.ActiveCfg = Release|iPhoneSimulator
		{F1F0166A-5FBE-4DD4-BB28-B1770A9B11CD}.Release|iPhone.ActiveCfg = Release|iPhone
		{F1F0166A-5FBE-4DD4-BB28-B1770A9B11CD}.Release|iPhone.Build.0 = Release|iPhone
		{F1F0166A-5FBE-4DD4-BB28-B1770A9B11CD}.Release|iPhoneSimulator.ActiveCfg = Release|iPhoneSimulator
		{F1F0166A-5FBE-4DD4-BB28-B1770A9B11CD}.Release|iPhoneSimulator.Build.0 = Release|iPhoneSimulator
		{27A7BF56-48D2-4467-9560-84153DAF4B9F}.Debug|Any CPU.ActiveCfg = Debug|Any CPU
		{27A7BF56-48D2-4467-9560-84153DAF4B9F}.Debug|Any CPU.Build.0 = Debug|Any CPU
		{27A7BF56-48D2-4467-9560-84153DAF4B9F}.Debug|Any CPU.Deploy.0 = Debug|Any CPU
		{27A7BF56-48D2-4467-9560-84153DAF4B9F}.Debug|iPhone.ActiveCfg = Debug|Any CPU
		{27A7BF56-48D2-4467-9560-84153DAF4B9F}.Debug|iPhone.Build.0 = Debug|Any CPU
		{27A7BF56-48D2-4467-9560-84153DAF4B9F}.Debug|iPhone.Deploy.0 = Debug|Any CPU
		{27A7BF56-48D2-4467-9560-84153DAF4B9F}.Debug|iPhoneSimulator.ActiveCfg = Debug|Any CPU
		{27A7BF56-48D2-4467-9560-84153DAF4B9F}.Debug|iPhoneSimulator.Build.0 = Debug|Any CPU
		{27A7BF56-48D2-4467-9560-84153DAF4B9F}.Debug|iPhoneSimulator.Deploy.0 = Debug|Any CPU
		{27A7BF56-48D2-4467-9560-84153DAF4B9F}.Release|Any CPU.ActiveCfg = Release|Any CPU
		{27A7BF56-48D2-4467-9560-84153DAF4B9F}.Release|Any CPU.Build.0 = Release|Any CPU
		{27A7BF56-48D2-4467-9560-84153DAF4B9F}.Release|Any CPU.Deploy.0 = Release|Any CPU
		{27A7BF56-48D2-4467-9560-84153DAF4B9F}.Release|iPhone.ActiveCfg = Release|Any CPU
		{27A7BF56-48D2-4467-9560-84153DAF4B9F}.Release|iPhone.Build.0 = Release|Any CPU
		{27A7BF56-48D2-4467-9560-84153DAF4B9F}.Release|iPhone.Deploy.0 = Release|Any CPU
		{27A7BF56-48D2-4467-9560-84153DAF4B9F}.Release|iPhoneSimulator.ActiveCfg = Release|Any CPU
		{27A7BF56-48D2-4467-9560-84153DAF4B9F}.Release|iPhoneSimulator.Build.0 = Release|Any CPU
		{27A7BF56-48D2-4467-9560-84153DAF4B9F}.Release|iPhoneSimulator.Deploy.0 = Release|Any CPU
		{DCD4C917-4F5C-4C00-92A0-8B3CBBBB1E12}.Debug|Any CPU.ActiveCfg = Debug|iPhoneSimulator
		{DCD4C917-4F5C-4C00-92A0-8B3CBBBB1E12}.Debug|iPhone.ActiveCfg = Debug|iPhone
		{DCD4C917-4F5C-4C00-92A0-8B3CBBBB1E12}.Debug|iPhone.Build.0 = Debug|iPhone
		{DCD4C917-4F5C-4C00-92A0-8B3CBBBB1E12}.Debug|iPhoneSimulator.ActiveCfg = Debug|iPhoneSimulator
		{DCD4C917-4F5C-4C00-92A0-8B3CBBBB1E12}.Debug|iPhoneSimulator.Build.0 = Debug|iPhoneSimulator
		{DCD4C917-4F5C-4C00-92A0-8B3CBBBB1E12}.Release|Any CPU.ActiveCfg = Release|iPhoneSimulator
		{DCD4C917-4F5C-4C00-92A0-8B3CBBBB1E12}.Release|iPhone.ActiveCfg = Release|iPhone
		{DCD4C917-4F5C-4C00-92A0-8B3CBBBB1E12}.Release|iPhone.Build.0 = Release|iPhone
		{DCD4C917-4F5C-4C00-92A0-8B3CBBBB1E12}.Release|iPhoneSimulator.ActiveCfg = Release|iPhoneSimulator
		{DCD4C917-4F5C-4C00-92A0-8B3CBBBB1E12}.Release|iPhoneSimulator.Build.0 = Release|iPhoneSimulator
		{ECE0C896-3414-4279-A8DE-348B4B05BA38}.Debug|Any CPU.ActiveCfg = Debug|Any CPU
		{ECE0C896-3414-4279-A8DE-348B4B05BA38}.Debug|Any CPU.Build.0 = Debug|Any CPU
		{ECE0C896-3414-4279-A8DE-348B4B05BA38}.Debug|Any CPU.Deploy.0 = Debug|Any CPU
		{ECE0C896-3414-4279-A8DE-348B4B05BA38}.Debug|iPhone.ActiveCfg = Debug|Any CPU
		{ECE0C896-3414-4279-A8DE-348B4B05BA38}.Debug|iPhone.Build.0 = Debug|Any CPU
		{ECE0C896-3414-4279-A8DE-348B4B05BA38}.Debug|iPhone.Deploy.0 = Debug|Any CPU
		{ECE0C896-3414-4279-A8DE-348B4B05BA38}.Debug|iPhoneSimulator.ActiveCfg = Debug|Any CPU
		{ECE0C896-3414-4279-A8DE-348B4B05BA38}.Debug|iPhoneSimulator.Build.0 = Debug|Any CPU
		{ECE0C896-3414-4279-A8DE-348B4B05BA38}.Debug|iPhoneSimulator.Deploy.0 = Debug|Any CPU
		{ECE0C896-3414-4279-A8DE-348B4B05BA38}.Release|Any CPU.ActiveCfg = Release|Any CPU
		{ECE0C896-3414-4279-A8DE-348B4B05BA38}.Release|Any CPU.Build.0 = Release|Any CPU
		{ECE0C896-3414-4279-A8DE-348B4B05BA38}.Release|Any CPU.Deploy.0 = Release|Any CPU
		{ECE0C896-3414-4279-A8DE-348B4B05BA38}.Release|iPhone.ActiveCfg = Release|Any CPU
		{ECE0C896-3414-4279-A8DE-348B4B05BA38}.Release|iPhone.Build.0 = Release|Any CPU
		{ECE0C896-3414-4279-A8DE-348B4B05BA38}.Release|iPhone.Deploy.0 = Release|Any CPU
		{ECE0C896-3414-4279-A8DE-348B4B05BA38}.Release|iPhoneSimulator.ActiveCfg = Release|Any CPU
		{ECE0C896-3414-4279-A8DE-348B4B05BA38}.Release|iPhoneSimulator.Build.0 = Release|Any CPU
		{ECE0C896-3414-4279-A8DE-348B4B05BA38}.Release|iPhoneSimulator.Deploy.0 = Release|Any CPU
		{DC1D3BAF-82B7-43F5-9827-7D072E8A67DE}.Debug|Any CPU.ActiveCfg = Debug|iPhoneSimulator
		{DC1D3BAF-82B7-43F5-9827-7D072E8A67DE}.Debug|iPhone.ActiveCfg = Debug|iPhone
		{DC1D3BAF-82B7-43F5-9827-7D072E8A67DE}.Debug|iPhone.Build.0 = Debug|iPhone
		{DC1D3BAF-82B7-43F5-9827-7D072E8A67DE}.Debug|iPhoneSimulator.ActiveCfg = Debug|iPhoneSimulator
		{DC1D3BAF-82B7-43F5-9827-7D072E8A67DE}.Debug|iPhoneSimulator.Build.0 = Debug|iPhoneSimulator
		{DC1D3BAF-82B7-43F5-9827-7D072E8A67DE}.Release|Any CPU.ActiveCfg = Release|iPhoneSimulator
		{DC1D3BAF-82B7-43F5-9827-7D072E8A67DE}.Release|iPhone.ActiveCfg = Release|iPhone
		{DC1D3BAF-82B7-43F5-9827-7D072E8A67DE}.Release|iPhone.Build.0 = Release|iPhone
		{DC1D3BAF-82B7-43F5-9827-7D072E8A67DE}.Release|iPhoneSimulator.ActiveCfg = Release|iPhoneSimulator
		{DC1D3BAF-82B7-43F5-9827-7D072E8A67DE}.Release|iPhoneSimulator.Build.0 = Release|iPhoneSimulator
		{D46551F4-3746-420F-87C3-03FB47755847}.Debug|Any CPU.ActiveCfg = Debug|Any CPU
		{D46551F4-3746-420F-87C3-03FB47755847}.Debug|Any CPU.Build.0 = Debug|Any CPU
		{D46551F4-3746-420F-87C3-03FB47755847}.Debug|Any CPU.Deploy.0 = Debug|Any CPU
		{D46551F4-3746-420F-87C3-03FB47755847}.Debug|iPhone.ActiveCfg = Debug|Any CPU
		{D46551F4-3746-420F-87C3-03FB47755847}.Debug|iPhone.Build.0 = Debug|Any CPU
		{D46551F4-3746-420F-87C3-03FB47755847}.Debug|iPhone.Deploy.0 = Debug|Any CPU
		{D46551F4-3746-420F-87C3-03FB47755847}.Debug|iPhoneSimulator.ActiveCfg = Debug|Any CPU
		{D46551F4-3746-420F-87C3-03FB47755847}.Debug|iPhoneSimulator.Build.0 = Debug|Any CPU
		{D46551F4-3746-420F-87C3-03FB47755847}.Debug|iPhoneSimulator.Deploy.0 = Debug|Any CPU
		{D46551F4-3746-420F-87C3-03FB47755847}.Release|Any CPU.ActiveCfg = Release|Any CPU
		{D46551F4-3746-420F-87C3-03FB47755847}.Release|Any CPU.Build.0 = Release|Any CPU
		{D46551F4-3746-420F-87C3-03FB47755847}.Release|Any CPU.Deploy.0 = Release|Any CPU
		{D46551F4-3746-420F-87C3-03FB47755847}.Release|iPhone.ActiveCfg = Release|Any CPU
		{D46551F4-3746-420F-87C3-03FB47755847}.Release|iPhone.Build.0 = Release|Any CPU
		{D46551F4-3746-420F-87C3-03FB47755847}.Release|iPhone.Deploy.0 = Release|Any CPU
		{D46551F4-3746-420F-87C3-03FB47755847}.Release|iPhoneSimulator.ActiveCfg = Release|Any CPU
		{D46551F4-3746-420F-87C3-03FB47755847}.Release|iPhoneSimulator.Build.0 = Release|Any CPU
		{D46551F4-3746-420F-87C3-03FB47755847}.Release|iPhoneSimulator.Deploy.0 = Release|Any CPU
		{701726A6-1269-4209-81A2-98D71101348B}.Debug|Any CPU.ActiveCfg = Debug|iPhoneSimulator
		{701726A6-1269-4209-81A2-98D71101348B}.Debug|iPhone.ActiveCfg = Debug|iPhone
		{701726A6-1269-4209-81A2-98D71101348B}.Debug|iPhone.Build.0 = Debug|iPhone
		{701726A6-1269-4209-81A2-98D71101348B}.Debug|iPhoneSimulator.ActiveCfg = Debug|iPhoneSimulator
		{701726A6-1269-4209-81A2-98D71101348B}.Debug|iPhoneSimulator.Build.0 = Debug|iPhoneSimulator
		{701726A6-1269-4209-81A2-98D71101348B}.Release|Any CPU.ActiveCfg = Release|iPhoneSimulator
		{701726A6-1269-4209-81A2-98D71101348B}.Release|iPhone.ActiveCfg = Release|iPhone
		{701726A6-1269-4209-81A2-98D71101348B}.Release|iPhone.Build.0 = Release|iPhone
		{701726A6-1269-4209-81A2-98D71101348B}.Release|iPhoneSimulator.ActiveCfg = Release|iPhoneSimulator
		{701726A6-1269-4209-81A2-98D71101348B}.Release|iPhoneSimulator.Build.0 = Release|iPhoneSimulator
	EndGlobalSection
	GlobalSection(SolutionProperties) = preSolution
		HideSolutionNode = FALSE
	EndGlobalSection
	GlobalSection(ExtensibilityGlobals) = postSolution
		SolutionGuid = {20178F97-F42D-4F6C-AA96-ED822749C65B}
	EndGlobalSection
	GlobalSection(MonoDevelopProperties) = preSolution
		version = 1.0.1
		Policies = $0
		$0.DotNetNamingPolicy = $1
		$1.DirectoryNamespaceAssociation = PrefixedHierarchical
	EndGlobalSection
EndGlobal
